
Microsoft Visual Studio Solution File, Format Version 12.00
# Visual Studio Version 17
VisualStudioVersion = 17.11.35222.181
MinimumVisualStudioVersion = 10.0.40219.1
Project("{FAE04EC0-301F-11D3-BF4B-00C04F79EFBC}") = "BarlangokGUI", "BarlangokGUI.csproj", "{33E260FF-9F8C-49F9-B8FA-FAAEB1CF0D45}"
EndProject
Global
	GlobalSection(SolutionConfigurationPlatforms) = preSolution
		Debug|Any CPU = Debug|Any CPU
		Release|Any CPU = Release|Any CPU
	EndGlobalSection
	GlobalSection(ProjectConfigurationPlatforms) = postSolution
		{33E260FF-9F8C-49F9-B8FA-FAAEB1CF0D45}.Debug|Any CPU.ActiveCfg = Debug|Any CPU
		{33E260FF-9F8C-49F9-B8FA-FAAEB1CF0D45}.Debug|Any CPU.Build.0 = Debug|Any CPU
		{33E260FF-9F8C-49F9-B8FA-FAAEB1CF0D45}.Release|Any CPU.ActiveCfg = Release|Any CPU
		{33E260FF-9F8C-49F9-B8FA-FAAEB1CF0D45}.Release|Any CPU.Build.0 = Release|Any CPU
	EndGlobalSection
	GlobalSection(SolutionProperties) = preSolution
		HideSolutionNode = FALSE
	EndGlobalSection
	GlobalSection(ExtensibilityGlobals) = postSolution
		SolutionGuid = {88A0E377-B205-46DB-9FB6-AC5C044E9853}
	EndGlobalSection
EndGlobal
